
Microsoft Visual Studio Solution File, Format Version 12.00
# Visual Studio Version 17
VisualStudioVersion = 17.6.33723.286
MinimumVisualStudioVersion = 10.0.40219.1
Project("{FAE04EC0-301F-11D3-BF4B-00C04F79EFBC}") = "ConsoleApp6", "ConsoleApp6.csproj", "{1184CFDC-62AD-4E24-9805-1B1AAF2FE88B}"
EndProject
Global
	GlobalSection(SolutionConfigurationPlatforms) = preSolution
		Debug|Any CPU = Debug|Any CPU
		Release|Any CPU = Release|Any CPU
	EndGlobalSection
	GlobalSection(ProjectConfigurationPlatforms) = postSolution
		{1184CFDC-62AD-4E24-9805-1B1AAF2FE88B}.Debug|Any CPU.ActiveCfg = Debug|Any CPU
		{1184CFDC-62AD-4E24-9805-1B1AAF2FE88B}.Debug|Any CPU.Build.0 = Debug|Any CPU
		{1184CFDC-62AD-4E24-9805-1B1AAF2FE88B}.Release|Any CPU.ActiveCfg = Release|Any CPU
		{1184CFDC-62AD-4E24-9805-1B1AAF2FE88B}.Release|Any CPU.Build.0 = Release|Any CPU
	EndGlobalSection
	GlobalSection(SolutionProperties) = preSolution
		HideSolutionNode = FALSE
	EndGlobalSection
	GlobalSection(ExtensibilityGlobals) = postSolution
		SolutionGuid = {239C28E4-0CDE-4FBD-B891-165693A45E22}
	EndGlobalSection
EndGlobal
